
Microsoft Visual Studio Solution File, Format Version 12.00
# Visual Studio Version 17
VisualStudioVersion = 17.6.33815.320
MinimumVisualStudioVersion = 10.0.40219.1
Project("{9A19103F-16F7-4668-BE54-9A1E7A4F7556}") = "BUTR.CrashReport", "BUTR.CrashReport\BUTR.CrashReport.csproj", "{B1100D38-D4C9-4B83-96BC-2252449A89E5}"
EndProject
Project("{2150E333-8FDC-42A3-9474-1A3956D46DE8}") = "workflows", "workflows", "{A3D68C79-7883-4B81-AE9A-E926FE80F65B}"
	ProjectSection(SolutionItems) = preProject
		..\.github\workflows\publish.yml = ..\.github\workflows\publish.yml
		..\.github\workflows\publish-wasm.yml = ..\.github\workflows\publish-wasm.yml
		..\.github\workflows\publish-wasm-deploy.yml = ..\.github\workflows\publish-wasm-deploy.yml
	EndProjectSection
EndProject
Project("{2150E333-8FDC-42A3-9474-1A3956D46DE8}") = "src", "src", "{8013DEFB-F940-4891-9F74-BFE1A8106506}"
	ProjectSection(SolutionItems) = preProject
		..\.editorconfig = ..\.editorconfig
		..\README.md = ..\README.md
		Directory.Build.props = Directory.Build.props
		Directory.Build.targets = Directory.Build.targets
		nuget.config = nuget.config
	EndProjectSection
EndProject
Project("{2150E333-8FDC-42A3-9474-1A3956D46DE8}") = "build", "build", "{56E6B143-9B80-4E7E-999A-3D4C17761F86}"
	ProjectSection(SolutionItems) = preProject
		..\build\common.props = ..\build\common.props
	EndProjectSection
EndProject
Project("{FAE04EC0-301F-11D3-BF4B-00C04F79EFBC}") = "BUTR.CrashReport.Renderer.Html.Tool", "BUTR.CrashReport.Renderer.Html.Tool\BUTR.CrashReport.Renderer.Html.Tool.csproj", "{36A642D2-9075-470D-B5B4-40EA20E0C16C}"
EndProject
Project("{FAE04EC0-301F-11D3-BF4B-00C04F79EFBC}") = "BUTR.CrashReport.Models", "BUTR.CrashReport.Models\BUTR.CrashReport.Models.csproj", "{03DE899E-3EE2-4EA4-8D5D-188C1AB83365}"
EndProject
Project("{FAE04EC0-301F-11D3-BF4B-00C04F79EFBC}") = "BUTR.CrashReport.Decompilers", "BUTR.CrashReport.Decompilers\BUTR.CrashReport.Decompilers.csproj", "{CE6956D6-1C78-45E3-995E-93CE49BDA524}"
EndProject
Project("{FAE04EC0-301F-11D3-BF4B-00C04F79EFBC}") = "BUTR.CrashReport.BepInEx5.Source", "BUTR.CrashReport.BepInEx5.Source\BUTR.CrashReport.BepInEx5.Source.csproj", "{3A6C3D77-82EA-4B83-BE30-22D0EE3A230F}"
EndProject
Project("{FAE04EC0-301F-11D3-BF4B-00C04F79EFBC}") = "BUTR.CrashReport.BepInEx6.Source", "BUTR.CrashReport.BepInEx6.Source\BUTR.CrashReport.BepInEx6.Source.csproj", "{D8AB3D2C-6026-4ACA-BFBB-A341E4D913AD}"
EndProject
Project("{FAE04EC0-301F-11D3-BF4B-00C04F79EFBC}") = "ConsoleApp1", "ConsoleApp1\ConsoleApp1.csproj", "{814173C2-6334-44C4-86FC-527E20AB718F}"
EndProject
Project("{FAE04EC0-301F-11D3-BF4B-00C04F79EFBC}") = "BUTR.CrashReport.Renderer.ImGui", "BUTR.CrashReport.Renderer.ImGui\BUTR.CrashReport.Renderer.ImGui.csproj", "{62EDA4D7-1DF2-4D63-8FD5-E0EFF813650D}"
EndProject
Project("{FAE04EC0-301F-11D3-BF4B-00C04F79EFBC}") = "BUTR.CrashReport.Renderer.Html", "BUTR.CrashReport.Renderer.Html\BUTR.CrashReport.Renderer.Html.csproj", "{4FE11F43-B2CC-43C3-A947-5231050F8AA5}"
EndProject
Project("{FAE04EC0-301F-11D3-BF4B-00C04F79EFBC}") = "BUTR.CrashReport.Renderer.Zip", "BUTR.CrashReport.Renderer.Zip\BUTR.CrashReport.Renderer.Zip.csproj", "{B63FD775-79E8-48A2-AECA-1F7D73643024}"
EndProject
Project("{FAE04EC0-301F-11D3-BF4B-00C04F79EFBC}") = "BUTR.CrashReport.Renderer.WinForms", "BUTR.CrashReport.Renderer.WinForms\BUTR.CrashReport.Renderer.WinForms.csproj", "{1464F441-48F8-4CB5-B944-1683F0ACBC3E}"
EndProject
Project("{FAE04EC0-301F-11D3-BF4B-00C04F79EFBC}") = "BUTR.CrashReport.Renderer.ImGui.Tool", "BUTR.CrashReport.Renderer.ImGui.Tool\BUTR.CrashReport.Renderer.ImGui.Tool.csproj", "{38A40917-CB4D-49E6-B08A-751BD330852E}"
EndProject
Project("{FAE04EC0-301F-11D3-BF4B-00C04F79EFBC}") = "BUTR.CrashReport.ILMerged", "BUTR.CrashReport.ILMerged\BUTR.CrashReport.ILMerged.csproj", "{813A7D2A-F144-40A7-B3F0-34CFF8D660D0}"
EndProject
Project("{2150E333-8FDC-42A3-9474-1A3956D46DE8}") = "external", "external", "{14BFD4AE-BB54-40F6-96F8-D6F4D4A33B54}"
	ProjectSection(SolutionItems) = preProject
		..\external\.editorconfig = ..\external\.editorconfig
		..\external\Directory.Build.props = ..\external\Directory.Build.props
	EndProjectSection
EndProject
Project("{FAE04EC0-301F-11D3-BF4B-00C04F79EFBC}") = "Utf8StringInterpolation", "..\external\Utf8StringInterpolation\src\Utf8StringInterpolation\Utf8StringInterpolation.csproj", "{56C91033-3CBB-4FBB-9DC8-C0227F336C1A}"
EndProject
Project("{FAE04EC0-301F-11D3-BF4B-00C04F79EFBC}") = "ZString", "..\external\ZString\src\ZString\ZString.csproj", "{30E6FC2B-9331-454C-9FB6-E63A5503E23E}"
EndProject
Project("{FAE04EC0-301F-11D3-BF4B-00C04F79EFBC}") = "BUTR.CrashReport.CImGui", "BUTR.CrashReport.CImGui\BUTR.CrashReport.CImGui.csproj", "{5B42E44E-F58F-4A9A-A93E-51A375912B11}"
EndProject
Project("{FAE04EC0-301F-11D3-BF4B-00C04F79EFBC}") = "BUTR.CrashReport.ImGui", "BUTR.CrashReport.ImGui\BUTR.CrashReport.ImGui.csproj", "{5B6FC58F-DD17-4E1D-9E54-8D0B3089325D}"
EndProject
Project("{2150E333-8FDC-42A3-9474-1A3956D46DE8}") = "Sources", "Sources", "{F4E2D353-AD2D-455B-81B6-F743E0CAD7DF}"
EndProject
Project("{FAE04EC0-301F-11D3-BF4B-00C04F79EFBC}") = "ImGuiColorTextEditNet", "ImGuiColorTextEditNet\ImGuiColorTextEditNet.csproj", "{CCA2F514-2028-47E4-8BDD-0C46B371836B}"
EndProject
Project("{FAE04EC0-301F-11D3-BF4B-00C04F79EFBC}") = "BUTR.CrashReport.Renderer.ImGui.WASM", "BUTR.CrashReport.Renderer.ImGui.WASM\BUTR.CrashReport.Renderer.ImGui.WASM.csproj", "{B2E732BE-17B2-4014-95A8-C588C6F624D4}"
EndProject
Project("{FAE04EC0-301F-11D3-BF4B-00C04F79EFBC}") = "BUTR.CrashReport.Native.SourceGenerator", "BUTR.CrashReport.Native.SourceGenerator\BUTR.CrashReport.Native.SourceGenerator.csproj", "{D0706FE3-6913-42AF-9B2B-6E9E6BD43F52}"
EndProject
Project("{FAE04EC0-301F-11D3-BF4B-00C04F79EFBC}") = "BUTR.CrashReport.Native", "BUTR.CrashReport.Native\BUTR.CrashReport.Native.csproj", "{F1706FCA-25D4-4DCC-B9D3-EFF5CB46B3E8}"
EndProject
Project("{FAE04EC0-301F-11D3-BF4B-00C04F79EFBC}") = "BUTR.CrashReport.OpenGLES3", "BUTR.CrashReport.OpenGLES3\BUTR.CrashReport.OpenGLES3.csproj", "{C2C9DD59-224D-4FAD-8F8B-5F8A6B171103}"
EndProject
Project("{2150E333-8FDC-42A3-9474-1A3956D46DE8}") = "Bindings", "Bindings", "{FF1A2EB5-6C39-4E70-AC7F-1D41AD4F54CB}"
EndProject
Project("{FAE04EC0-301F-11D3-BF4B-00C04F79EFBC}") = "BUTR.CrashReport.SDL2", "BUTR.CrashReport.SDL2\BUTR.CrashReport.SDL2.csproj", "{497A37DC-EBCB-48D9-AAAE-8D01E0E1EAD1}"
EndProject
Project("{FAE04EC0-301F-11D3-BF4B-00C04F79EFBC}") = "BUTR.CrashReport.SDL3", "BUTR.CrashReport.SDL3\BUTR.CrashReport.SDL3.csproj", "{FA5A16BE-9C90-4FC4-BD43-36ABCEE5CE48}"
EndProject
Project("{FAE04EC0-301F-11D3-BF4B-00C04F79EFBC}") = "BUTR.CrashReport.Emscripten", "BUTR.CrashReport.Emscripten\BUTR.CrashReport.Emscripten.csproj", "{087BC952-D8BC-4075-8C7C-17D5A4AF68B7}"
EndProject
Project("{FAE04EC0-301F-11D3-BF4B-00C04F79EFBC}") = "BUTR.CrashReport.Memory", "BUTR.CrashReport.Memory\BUTR.CrashReport.Memory.csproj", "{559FAD6D-9906-47AE-90A6-78C14FF4629A}"
EndProject
Project("{FAE04EC0-301F-11D3-BF4B-00C04F79EFBC}") = "BUTR.CrashReport.Renderer.ImGui.Silk.NET", "BUTR.CrashReport.Renderer.ImGui.Silk.NET\BUTR.CrashReport.Renderer.ImGui.Silk.NET.csproj", "{B73A9FC8-B1D3-4BAD-864F-1404FD56F2D9}"
EndProject
Project("{FAE04EC0-301F-11D3-BF4B-00C04F79EFBC}") = "BUTR.CrashReport.Renderer.ImGui.Silk.NET.ILMerged", "BUTR.CrashReport.Renderer.ImGui.Silk.NET.ILMerged\BUTR.CrashReport.Renderer.ImGui.Silk.NET.ILMerged.csproj", "{BCAF0EFF-2150-4A5F-A97F-B5B7578D9889}"
EndProject
Project("{2150E333-8FDC-42A3-9474-1A3956D46DE8}") = "Renderers", "Renderers", "{71872CAF-7D4F-4A1E-A372-5382B4B24DA6}"
EndProject
Project("{2150E333-8FDC-42A3-9474-1A3956D46DE8}") = "resources", "resources", "{2E968F29-FADB-49F1-9542-AA1CB5F9288D}"
EndProject
Global
	GlobalSection(SolutionConfigurationPlatforms) = preSolution
		Debug|Any CPU = Debug|Any CPU
		Release|Any CPU = Release|Any CPU
	EndGlobalSection
	GlobalSection(ProjectConfigurationPlatforms) = postSolution
		{B1100D38-D4C9-4B83-96BC-2252449A89E5}.Debug|Any CPU.ActiveCfg = Debug|Any CPU
		{B1100D38-D4C9-4B83-96BC-2252449A89E5}.Debug|Any CPU.Build.0 = Debug|Any CPU
		{B1100D38-D4C9-4B83-96BC-2252449A89E5}.Release|Any CPU.ActiveCfg = Release|Any CPU
		{B1100D38-D4C9-4B83-96BC-2252449A89E5}.Release|Any CPU.Build.0 = Release|Any CPU
		{36A642D2-9075-470D-B5B4-40EA20E0C16C}.Debug|Any CPU.ActiveCfg = Debug|Any CPU
		{36A642D2-9075-470D-B5B4-40EA20E0C16C}.Debug|Any CPU.Build.0 = Debug|Any CPU
		{36A642D2-9075-470D-B5B4-40EA20E0C16C}.Release|Any CPU.ActiveCfg = Release|Any CPU
		{36A642D2-9075-470D-B5B4-40EA20E0C16C}.Release|Any CPU.Build.0 = Release|Any CPU
		{03DE899E-3EE2-4EA4-8D5D-188C1AB83365}.Debug|Any CPU.ActiveCfg = Debug|Any CPU
		{03DE899E-3EE2-4EA4-8D5D-188C1AB83365}.Debug|Any CPU.Build.0 = Debug|Any CPU
		{03DE899E-3EE2-4EA4-8D5D-188C1AB83365}.Release|Any CPU.ActiveCfg = Release|Any CPU
		{03DE899E-3EE2-4EA4-8D5D-188C1AB83365}.Release|Any CPU.Build.0 = Release|Any CPU
		{CE6956D6-1C78-45E3-995E-93CE49BDA524}.Debug|Any CPU.ActiveCfg = Debug|Any CPU
		{CE6956D6-1C78-45E3-995E-93CE49BDA524}.Debug|Any CPU.Build.0 = Debug|Any CPU
		{CE6956D6-1C78-45E3-995E-93CE49BDA524}.Release|Any CPU.ActiveCfg = Release|Any CPU
		{CE6956D6-1C78-45E3-995E-93CE49BDA524}.Release|Any CPU.Build.0 = Release|Any CPU
		{3A6C3D77-82EA-4B83-BE30-22D0EE3A230F}.Debug|Any CPU.ActiveCfg = Debug|Any CPU
		{3A6C3D77-82EA-4B83-BE30-22D0EE3A230F}.Debug|Any CPU.Build.0 = Debug|Any CPU
		{3A6C3D77-82EA-4B83-BE30-22D0EE3A230F}.Release|Any CPU.ActiveCfg = Release|Any CPU
		{3A6C3D77-82EA-4B83-BE30-22D0EE3A230F}.Release|Any CPU.Build.0 = Release|Any CPU
		{D8AB3D2C-6026-4ACA-BFBB-A341E4D913AD}.Debug|Any CPU.ActiveCfg = Debug|Any CPU
		{D8AB3D2C-6026-4ACA-BFBB-A341E4D913AD}.Debug|Any CPU.Build.0 = Debug|Any CPU
		{D8AB3D2C-6026-4ACA-BFBB-A341E4D913AD}.Release|Any CPU.ActiveCfg = Release|Any CPU
		{D8AB3D2C-6026-4ACA-BFBB-A341E4D913AD}.Release|Any CPU.Build.0 = Release|Any CPU
		{814173C2-6334-44C4-86FC-527E20AB718F}.Debug|Any CPU.ActiveCfg = Debug|Any CPU
		{814173C2-6334-44C4-86FC-527E20AB718F}.Debug|Any CPU.Build.0 = Debug|Any CPU
		{814173C2-6334-44C4-86FC-527E20AB718F}.Release|Any CPU.ActiveCfg = Release|Any CPU
		{814173C2-6334-44C4-86FC-527E20AB718F}.Release|Any CPU.Build.0 = Release|Any CPU
		{62EDA4D7-1DF2-4D63-8FD5-E0EFF813650D}.Debug|Any CPU.ActiveCfg = Debug|Any CPU
		{62EDA4D7-1DF2-4D63-8FD5-E0EFF813650D}.Debug|Any CPU.Build.0 = Debug|Any CPU
		{62EDA4D7-1DF2-4D63-8FD5-E0EFF813650D}.Release|Any CPU.ActiveCfg = Release|Any CPU
		{62EDA4D7-1DF2-4D63-8FD5-E0EFF813650D}.Release|Any CPU.Build.0 = Release|Any CPU
		{4FE11F43-B2CC-43C3-A947-5231050F8AA5}.Debug|Any CPU.ActiveCfg = Debug|Any CPU
		{4FE11F43-B2CC-43C3-A947-5231050F8AA5}.Debug|Any CPU.Build.0 = Debug|Any CPU
		{4FE11F43-B2CC-43C3-A947-5231050F8AA5}.Release|Any CPU.ActiveCfg = Release|Any CPU
		{4FE11F43-B2CC-43C3-A947-5231050F8AA5}.Release|Any CPU.Build.0 = Release|Any CPU
		{B63FD775-79E8-48A2-AECA-1F7D73643024}.Debug|Any CPU.ActiveCfg = Debug|Any CPU
		{B63FD775-79E8-48A2-AECA-1F7D73643024}.Debug|Any CPU.Build.0 = Debug|Any CPU
		{B63FD775-79E8-48A2-AECA-1F7D73643024}.Release|Any CPU.ActiveCfg = Release|Any CPU
		{B63FD775-79E8-48A2-AECA-1F7D73643024}.Release|Any CPU.Build.0 = Release|Any CPU
		{1464F441-48F8-4CB5-B944-1683F0ACBC3E}.Debug|Any CPU.ActiveCfg = Debug|Any CPU
		{1464F441-48F8-4CB5-B944-1683F0ACBC3E}.Debug|Any CPU.Build.0 = Debug|Any CPU
		{1464F441-48F8-4CB5-B944-1683F0ACBC3E}.Release|Any CPU.ActiveCfg = Release|Any CPU
		{1464F441-48F8-4CB5-B944-1683F0ACBC3E}.Release|Any CPU.Build.0 = Release|Any CPU
		{38A40917-CB4D-49E6-B08A-751BD330852E}.Debug|Any CPU.ActiveCfg = Debug|Any CPU
		{38A40917-CB4D-49E6-B08A-751BD330852E}.Debug|Any CPU.Build.0 = Debug|Any CPU
		{38A40917-CB4D-49E6-B08A-751BD330852E}.Release|Any CPU.ActiveCfg = Release|Any CPU
		{38A40917-CB4D-49E6-B08A-751BD330852E}.Release|Any CPU.Build.0 = Release|Any CPU
		{813A7D2A-F144-40A7-B3F0-34CFF8D660D0}.Debug|Any CPU.ActiveCfg = Debug|Any CPU
		{813A7D2A-F144-40A7-B3F0-34CFF8D660D0}.Debug|Any CPU.Build.0 = Debug|Any CPU
		{813A7D2A-F144-40A7-B3F0-34CFF8D660D0}.Release|Any CPU.ActiveCfg = Release|Any CPU
		{813A7D2A-F144-40A7-B3F0-34CFF8D660D0}.Release|Any CPU.Build.0 = Release|Any CPU
		{56C91033-3CBB-4FBB-9DC8-C0227F336C1A}.Debug|Any CPU.ActiveCfg = Debug|Any CPU
		{56C91033-3CBB-4FBB-9DC8-C0227F336C1A}.Debug|Any CPU.Build.0 = Debug|Any CPU
		{56C91033-3CBB-4FBB-9DC8-C0227F336C1A}.Release|Any CPU.ActiveCfg = Release|Any CPU
		{56C91033-3CBB-4FBB-9DC8-C0227F336C1A}.Release|Any CPU.Build.0 = Release|Any CPU
		{30E6FC2B-9331-454C-9FB6-E63A5503E23E}.Debug|Any CPU.ActiveCfg = Debug|Any CPU
		{30E6FC2B-9331-454C-9FB6-E63A5503E23E}.Debug|Any CPU.Build.0 = Debug|Any CPU
		{30E6FC2B-9331-454C-9FB6-E63A5503E23E}.Release|Any CPU.ActiveCfg = Release|Any CPU
		{30E6FC2B-9331-454C-9FB6-E63A5503E23E}.Release|Any CPU.Build.0 = Release|Any CPU
		{5B42E44E-F58F-4A9A-A93E-51A375912B11}.Debug|Any CPU.ActiveCfg = Debug|Any CPU
		{5B42E44E-F58F-4A9A-A93E-51A375912B11}.Debug|Any CPU.Build.0 = Debug|Any CPU
		{5B42E44E-F58F-4A9A-A93E-51A375912B11}.Release|Any CPU.ActiveCfg = Release|Any CPU
		{5B42E44E-F58F-4A9A-A93E-51A375912B11}.Release|Any CPU.Build.0 = Release|Any CPU
		{5B6FC58F-DD17-4E1D-9E54-8D0B3089325D}.Debug|Any CPU.ActiveCfg = Debug|Any CPU
		{5B6FC58F-DD17-4E1D-9E54-8D0B3089325D}.Debug|Any CPU.Build.0 = Debug|Any CPU
		{5B6FC58F-DD17-4E1D-9E54-8D0B3089325D}.Release|Any CPU.ActiveCfg = Release|Any CPU
		{5B6FC58F-DD17-4E1D-9E54-8D0B3089325D}.Release|Any CPU.Build.0 = Release|Any CPU
		{CCA2F514-2028-47E4-8BDD-0C46B371836B}.Debug|Any CPU.ActiveCfg = Debug|Any CPU
		{CCA2F514-2028-47E4-8BDD-0C46B371836B}.Debug|Any CPU.Build.0 = Debug|Any CPU
		{CCA2F514-2028-47E4-8BDD-0C46B371836B}.Release|Any CPU.ActiveCfg = Release|Any CPU
		{CCA2F514-2028-47E4-8BDD-0C46B371836B}.Release|Any CPU.Build.0 = Release|Any CPU
		{B2E732BE-17B2-4014-95A8-C588C6F624D4}.Debug|Any CPU.ActiveCfg = Debug|Any CPU
		{B2E732BE-17B2-4014-95A8-C588C6F624D4}.Debug|Any CPU.Build.0 = Debug|Any CPU
		{B2E732BE-17B2-4014-95A8-C588C6F624D4}.Release|Any CPU.ActiveCfg = Release|Any CPU
		{B2E732BE-17B2-4014-95A8-C588C6F624D4}.Release|Any CPU.Build.0 = Release|Any CPU
		{D0706FE3-6913-42AF-9B2B-6E9E6BD43F52}.Debug|Any CPU.ActiveCfg = Debug|Any CPU
		{D0706FE3-6913-42AF-9B2B-6E9E6BD43F52}.Debug|Any CPU.Build.0 = Debug|Any CPU
		{D0706FE3-6913-42AF-9B2B-6E9E6BD43F52}.Release|Any CPU.ActiveCfg = Release|Any CPU
		{D0706FE3-6913-42AF-9B2B-6E9E6BD43F52}.Release|Any CPU.Build.0 = Release|Any CPU
		{F1706FCA-25D4-4DCC-B9D3-EFF5CB46B3E8}.Debug|Any CPU.ActiveCfg = Debug|Any CPU
		{F1706FCA-25D4-4DCC-B9D3-EFF5CB46B3E8}.Debug|Any CPU.Build.0 = Debug|Any CPU
		{F1706FCA-25D4-4DCC-B9D3-EFF5CB46B3E8}.Release|Any CPU.ActiveCfg = Release|Any CPU
		{F1706FCA-25D4-4DCC-B9D3-EFF5CB46B3E8}.Release|Any CPU.Build.0 = Release|Any CPU
		{C2C9DD59-224D-4FAD-8F8B-5F8A6B171103}.Debug|Any CPU.ActiveCfg = Debug|Any CPU
		{C2C9DD59-224D-4FAD-8F8B-5F8A6B171103}.Debug|Any CPU.Build.0 = Debug|Any CPU
		{C2C9DD59-224D-4FAD-8F8B-5F8A6B171103}.Release|Any CPU.ActiveCfg = Release|Any CPU
		{C2C9DD59-224D-4FAD-8F8B-5F8A6B171103}.Release|Any CPU.Build.0 = Release|Any CPU
		{497A37DC-EBCB-48D9-AAAE-8D01E0E1EAD1}.Debug|Any CPU.ActiveCfg = Debug|Any CPU
		{497A37DC-EBCB-48D9-AAAE-8D01E0E1EAD1}.Debug|Any CPU.Build.0 = Debug|Any CPU
		{497A37DC-EBCB-48D9-AAAE-8D01E0E1EAD1}.Release|Any CPU.ActiveCfg = Release|Any CPU
		{497A37DC-EBCB-48D9-AAAE-8D01E0E1EAD1}.Release|Any CPU.Build.0 = Release|Any CPU
		{FA5A16BE-9C90-4FC4-BD43-36ABCEE5CE48}.Debug|Any CPU.ActiveCfg = Debug|Any CPU
		{FA5A16BE-9C90-4FC4-BD43-36ABCEE5CE48}.Debug|Any CPU.Build.0 = Debug|Any CPU
		{FA5A16BE-9C90-4FC4-BD43-36ABCEE5CE48}.Release|Any CPU.ActiveCfg = Release|Any CPU
		{FA5A16BE-9C90-4FC4-BD43-36ABCEE5CE48}.Release|Any CPU.Build.0 = Release|Any CPU
		{087BC952-D8BC-4075-8C7C-17D5A4AF68B7}.Debug|Any CPU.ActiveCfg = Debug|Any CPU
		{087BC952-D8BC-4075-8C7C-17D5A4AF68B7}.Debug|Any CPU.Build.0 = Debug|Any CPU
		{087BC952-D8BC-4075-8C7C-17D5A4AF68B7}.Release|Any CPU.ActiveCfg = Release|Any CPU
		{087BC952-D8BC-4075-8C7C-17D5A4AF68B7}.Release|Any CPU.Build.0 = Release|Any CPU
		{559FAD6D-9906-47AE-90A6-78C14FF4629A}.Debug|Any CPU.ActiveCfg = Debug|Any CPU
		{559FAD6D-9906-47AE-90A6-78C14FF4629A}.Debug|Any CPU.Build.0 = Debug|Any CPU
		{559FAD6D-9906-47AE-90A6-78C14FF4629A}.Release|Any CPU.ActiveCfg = Release|Any CPU
		{559FAD6D-9906-47AE-90A6-78C14FF4629A}.Release|Any CPU.Build.0 = Release|Any CPU
		{B73A9FC8-B1D3-4BAD-864F-1404FD56F2D9}.Debug|Any CPU.ActiveCfg = Debug|Any CPU
		{B73A9FC8-B1D3-4BAD-864F-1404FD56F2D9}.Debug|Any CPU.Build.0 = Debug|Any CPU
		{B73A9FC8-B1D3-4BAD-864F-1404FD56F2D9}.Release|Any CPU.ActiveCfg = Release|Any CPU
		{B73A9FC8-B1D3-4BAD-864F-1404FD56F2D9}.Release|Any CPU.Build.0 = Release|Any CPU
		{BCAF0EFF-2150-4A5F-A97F-B5B7578D9889}.Debug|Any CPU.ActiveCfg = Debug|Any CPU
		{BCAF0EFF-2150-4A5F-A97F-B5B7578D9889}.Debug|Any CPU.Build.0 = Debug|Any CPU
		{BCAF0EFF-2150-4A5F-A97F-B5B7578D9889}.Release|Any CPU.ActiveCfg = Release|Any CPU
		{BCAF0EFF-2150-4A5F-A97F-B5B7578D9889}.Release|Any CPU.Build.0 = Release|Any CPU
	EndGlobalSection
	GlobalSection(SolutionProperties) = preSolution
		HideSolutionNode = FALSE
	EndGlobalSection
	GlobalSection(ExtensibilityGlobals) = postSolution
		SolutionGuid = {C5320948-8BA6-463B-B7BD-9FD6B17265F7}
	EndGlobalSection
	GlobalSection(NestedProjects) = preSolution
		{B1100D38-D4C9-4B83-96BC-2252449A89E5} = {8013DEFB-F940-4891-9F74-BFE1A8106506}
		{03DE899E-3EE2-4EA4-8D5D-188C1AB83365} = {8013DEFB-F940-4891-9F74-BFE1A8106506}
		{CE6956D6-1C78-45E3-995E-93CE49BDA524} = {8013DEFB-F940-4891-9F74-BFE1A8106506}
		{814173C2-6334-44C4-86FC-527E20AB718F} = {8013DEFB-F940-4891-9F74-BFE1A8106506}
		{813A7D2A-F144-40A7-B3F0-34CFF8D660D0} = {8013DEFB-F940-4891-9F74-BFE1A8106506}
		{56C91033-3CBB-4FBB-9DC8-C0227F336C1A} = {14BFD4AE-BB54-40F6-96F8-D6F4D4A33B54}
		{30E6FC2B-9331-454C-9FB6-E63A5503E23E} = {14BFD4AE-BB54-40F6-96F8-D6F4D4A33B54}
		{D8AB3D2C-6026-4ACA-BFBB-A341E4D913AD} = {F4E2D353-AD2D-455B-81B6-F743E0CAD7DF}
		{3A6C3D77-82EA-4B83-BE30-22D0EE3A230F} = {F4E2D353-AD2D-455B-81B6-F743E0CAD7DF}
		{FF1A2EB5-6C39-4E70-AC7F-1D41AD4F54CB} = {8013DEFB-F940-4891-9F74-BFE1A8106506}
		{C2C9DD59-224D-4FAD-8F8B-5F8A6B171103} = {FF1A2EB5-6C39-4E70-AC7F-1D41AD4F54CB}
		{F1706FCA-25D4-4DCC-B9D3-EFF5CB46B3E8} = {FF1A2EB5-6C39-4E70-AC7F-1D41AD4F54CB}
		{D0706FE3-6913-42AF-9B2B-6E9E6BD43F52} = {FF1A2EB5-6C39-4E70-AC7F-1D41AD4F54CB}
		{497A37DC-EBCB-48D9-AAAE-8D01E0E1EAD1} = {FF1A2EB5-6C39-4E70-AC7F-1D41AD4F54CB}
		{FA5A16BE-9C90-4FC4-BD43-36ABCEE5CE48} = {FF1A2EB5-6C39-4E70-AC7F-1D41AD4F54CB}
		{5B42E44E-F58F-4A9A-A93E-51A375912B11} = {FF1A2EB5-6C39-4E70-AC7F-1D41AD4F54CB}
		{087BC952-D8BC-4075-8C7C-17D5A4AF68B7} = {FF1A2EB5-6C39-4E70-AC7F-1D41AD4F54CB}
		{71872CAF-7D4F-4A1E-A372-5382B4B24DA6} = {8013DEFB-F940-4891-9F74-BFE1A8106506}
		{4FE11F43-B2CC-43C3-A947-5231050F8AA5} = {71872CAF-7D4F-4A1E-A372-5382B4B24DA6}
		{36A642D2-9075-470D-B5B4-40EA20E0C16C} = {71872CAF-7D4F-4A1E-A372-5382B4B24DA6}
		{62EDA4D7-1DF2-4D63-8FD5-E0EFF813650D} = {71872CAF-7D4F-4A1E-A372-5382B4B24DA6}
		{B73A9FC8-B1D3-4BAD-864F-1404FD56F2D9} = {71872CAF-7D4F-4A1E-A372-5382B4B24DA6}
		{BCAF0EFF-2150-4A5F-A97F-B5B7578D9889} = {71872CAF-7D4F-4A1E-A372-5382B4B24DA6}
		{38A40917-CB4D-49E6-B08A-751BD330852E} = {71872CAF-7D4F-4A1E-A372-5382B4B24DA6}
		{B2E732BE-17B2-4014-95A8-C588C6F624D4} = {71872CAF-7D4F-4A1E-A372-5382B4B24DA6}
		{1464F441-48F8-4CB5-B944-1683F0ACBC3E} = {71872CAF-7D4F-4A1E-A372-5382B4B24DA6}
		{B63FD775-79E8-48A2-AECA-1F7D73643024} = {71872CAF-7D4F-4A1E-A372-5382B4B24DA6}
		{5B6FC58F-DD17-4E1D-9E54-8D0B3089325D} = {71872CAF-7D4F-4A1E-A372-5382B4B24DA6}
		{559FAD6D-9906-47AE-90A6-78C14FF4629A} = {71872CAF-7D4F-4A1E-A372-5382B4B24DA6}
		{CCA2F514-2028-47E4-8BDD-0C46B371836B} = {71872CAF-7D4F-4A1E-A372-5382B4B24DA6}
		{F4E2D353-AD2D-455B-81B6-F743E0CAD7DF} = {8013DEFB-F940-4891-9F74-BFE1A8106506}
	EndGlobalSection
EndGlobal
